
Microsoft Visual Studio Solution File, Format Version 12.00
# Visual Studio Version 17
VisualStudioVersion = 17.5.002.0
MinimumVisualStudioVersion = 10.0.40219.1
Project("{2150E333-8FDC-42A3-9474-1A3956D46DE8}") = "csharp-prep", "csharp-prep", "{8EF3A382-B2B6-473F-B2AE-B15010A9D69C}"
EndProject
Project("{9A19103F-16F7-4668-BE54-9A1E7A4F7556}") = "Prep1", "csharp-prep\Prep1\Prep1.csproj", "{3EAD46C5-A2B0-4C62-AAD9-B96A554BA8B8}"
EndProject
Project("{9A19103F-16F7-4668-BE54-9A1E7A4F7556}") = "Prep2", "csharp-prep\Prep2\Prep2.csproj", "{255FFE5F-4B74-4CEB-A97E-5603B8485543}"
EndProject
Project("{9A19103F-16F7-4668-BE54-9A1E7A4F7556}") = "Prep3", "csharp-prep\Prep3\Prep3.csproj", "{E9D078DA-2636-4656-8B7D-472D54881501}"
EndProject
Project("{9A19103F-16F7-4668-BE54-9A1E7A4F7556}") = "Prep4", "csharp-prep\Prep4\Prep4.csproj", "{C35D3351-D89D-4C46-B62E-1E1B34194AA0}"
EndProject
Project("{9A19103F-16F7-4668-BE54-9A1E7A4F7556}") = "Prep5", "csharp-prep\Prep5\Prep5.csproj", "{91EA20B0-3E5F-4E15-8D66-A76F3CA35317}"
EndProject
Project("{2150E333-8FDC-42A3-9474-1A3956D46DE8}") = "final", "final", "{E2427B9C-0BA3-4631-8CB1-5BBD4E56F9CB}"
EndProject
Project("{9A19103F-16F7-4668-BE54-9A1E7A4F7556}") = "FinalProject", "final\FinalProject\FinalProject.csproj", "{EBEBBE07-E18F-41AF-A027-C118D9A8651F}"
EndProject
Project("{9A19103F-16F7-4668-BE54-9A1E7A4F7556}") = "Foundation1", "final\Foundation1\Foundation1.csproj", "{88422A5B-1A10-4D8E-AF6C-DE0B3603C472}"
EndProject
Project("{9A19103F-16F7-4668-BE54-9A1E7A4F7556}") = "Foundation2", "final\Foundation2\Foundation2.csproj", "{94328C07-3E52-42B2-9F88-36CB6D2D7471}"
EndProject
Project("{9A19103F-16F7-4668-BE54-9A1E7A4F7556}") = "Foundation3", "final\Foundation3\Foundation3.csproj", "{EE43C608-FB37-4CFF-B8F4-8DD7D02668DE}"
EndProject
Project("{9A19103F-16F7-4668-BE54-9A1E7A4F7556}") = "Foundation4", "final\Foundation4\Foundation4.csproj", "{556D8F1D-893B-492D-9A18-3B051ECC0037}"
EndProject
Project("{2150E333-8FDC-42A3-9474-1A3956D46DE8}") = "prepare", "prepare", "{D345330C-B8F2-4AE0-BE4A-90C39A62028C}"
EndProject
Project("{9A19103F-16F7-4668-BE54-9A1E7A4F7556}") = "Learning02", "prepare\Learning02\Learning02.csproj", "{A85EAB17-3A37-4C78-A61B-0148E5E21E88}"
EndProject
Project("{9A19103F-16F7-4668-BE54-9A1E7A4F7556}") = "Learning03", "prepare\Learning03\Learning03.csproj", "{EB5C2597-5F93-499D-B21D-2030602D19C6}"
EndProject
Project("{9A19103F-16F7-4668-BE54-9A1E7A4F7556}") = "Learning04", "prepare\Learning04\Learning04.csproj", "{03A6B617-72D2-4815-8A05-B4A79F845DE7}"
EndProject
Project("{9A19103F-16F7-4668-BE54-9A1E7A4F7556}") = "Learning05", "prepare\Learning05\Learning05.csproj", "{6BC27DCD-5BAC-4236-80FC-FEDB5EAC18A5}"
EndProject
Project("{2150E333-8FDC-42A3-9474-1A3956D46DE8}") = "prove", "prove", "{79C236A9-BC3E-4592-8306-3CB5E6762008}"
EndProject
Project("{9A19103F-16F7-4668-BE54-9A1E7A4F7556}") = "Develop02", "prove\Develop02\Develop02.csproj", "{88A2D308-7DDB-4DA9-BD4C-5681A4B6EAD8}"
EndProject
Project("{9A19103F-16F7-4668-BE54-9A1E7A4F7556}") = "Develop03", "prove\Develop03\Develop03.csproj", "{36072536-2E8A-4F67-926D-8B6356C448F1}"
EndProject
Project("{9A19103F-16F7-4668-BE54-9A1E7A4F7556}") = "Develop04", "prove\Develop04\Develop04.csproj", "{9E9BD3DA-DE52-460E-BF53-EFCE2310FE72}"
EndProject
Project("{9A19103F-16F7-4668-BE54-9A1E7A4F7556}") = "Develop05", "prove\Develop05\Develop05.csproj", "{343DEE32-251B-4E70-8D3F-A8E5E12C5434}"
EndProject
Project("{2150E333-8FDC-42A3-9474-1A3956D46DE8}") = "sandbox", "sandbox", "{1BBE7507-4731-4D73-9BCB-B95A5F5B4E24}"
EndProject
Project("{9A19103F-16F7-4668-BE54-9A1E7A4F7556}") = "Sandbox", "sandbox\Sandbox\Sandbox.csproj", "{F66C09CF-2792-4566-A213-FFAC2DBAFB71}"
EndProject
Global
	GlobalSection(SolutionConfigurationPlatforms) = preSolution
		Debug|Any CPU = Debug|Any CPU
		Release|Any CPU = Release|Any CPU
	EndGlobalSection
	GlobalSection(ProjectConfigurationPlatforms) = postSolution
		{3EAD46C5-A2B0-4C62-AAD9-B96A554BA8B8}.Debug|Any CPU.ActiveCfg = Debug|Any CPU
		{3EAD46C5-A2B0-4C62-AAD9-B96A554BA8B8}.Debug|Any CPU.Build.0 = Debug|Any CPU
		{3EAD46C5-A2B0-4C62-AAD9-B96A554BA8B8}.Release|Any CPU.ActiveCfg = Release|Any CPU
		{3EAD46C5-A2B0-4C62-AAD9-B96A554BA8B8}.Release|Any CPU.Build.0 = Release|Any CPU
		{255FFE5F-4B74-4CEB-A97E-5603B8485543}.Debug|Any CPU.ActiveCfg = Debug|Any CPU
		{255FFE5F-4B74-4CEB-A97E-5603B8485543}.Debug|Any CPU.Build.0 = Debug|Any CPU
		{255FFE5F-4B74-4CEB-A97E-5603B8485543}.Release|Any CPU.ActiveCfg = Release|Any CPU
		{255FFE5F-4B74-4CEB-A97E-5603B8485543}.Release|Any CPU.Build.0 = Release|Any CPU
		{E9D078DA-2636-4656-8B7D-472D54881501}.Debug|Any CPU.ActiveCfg = Debug|Any CPU
		{E9D078DA-2636-4656-8B7D-472D54881501}.Debug|Any CPU.Build.0 = Debug|Any CPU
		{E9D078DA-2636-4656-8B7D-472D54881501}.Release|Any CPU.ActiveCfg = Release|Any CPU
		{E9D078DA-2636-4656-8B7D-472D54881501}.Release|Any CPU.Build.0 = Release|Any CPU
		{C35D3351-D89D-4C46-B62E-1E1B34194AA0}.Debug|Any CPU.ActiveCfg = Debug|Any CPU
		{C35D3351-D89D-4C46-B62E-1E1B34194AA0}.Debug|Any CPU.Build.0 = Debug|Any CPU
		{C35D3351-D89D-4C46-B62E-1E1B34194AA0}.Release|Any CPU.ActiveCfg = Release|Any CPU
		{C35D3351-D89D-4C46-B62E-1E1B34194AA0}.Release|Any CPU.Build.0 = Release|Any CPU
		{91EA20B0-3E5F-4E15-8D66-A76F3CA35317}.Debug|Any CPU.ActiveCfg = Debug|Any CPU
		{91EA20B0-3E5F-4E15-8D66-A76F3CA35317}.Debug|Any CPU.Build.0 = Debug|Any CPU
		{91EA20B0-3E5F-4E15-8D66-A76F3CA35317}.Release|Any CPU.ActiveCfg = Release|Any CPU
		{91EA20B0-3E5F-4E15-8D66-A76F3CA35317}.Release|Any CPU.Build.0 = Release|Any CPU
		{EBEBBE07-E18F-41AF-A027-C118D9A8651F}.Debug|Any CPU.ActiveCfg = Debug|Any CPU
		{EBEBBE07-E18F-41AF-A027-C118D9A8651F}.Debug|Any CPU.Build.0 = Debug|Any CPU
		{EBEBBE07-E18F-41AF-A027-C118D9A8651F}.Release|Any CPU.ActiveCfg = Release|Any CPU
		{EBEBBE07-E18F-41AF-A027-C118D9A8651F}.Release|Any CPU.Build.0 = Release|Any CPU
		{88422A5B-1A10-4D8E-AF6C-DE0B3603C472}.Debug|Any CPU.ActiveCfg = Debug|Any CPU
		{88422A5B-1A10-4D8E-AF6C-DE0B3603C472}.Debug|Any CPU.Build.0 = Debug|Any CPU
		{88422A5B-1A10-4D8E-AF6C-DE0B3603C472}.Release|Any CPU.ActiveCfg = Release|Any CPU
		{88422A5B-1A10-4D8E-AF6C-DE0B3603C472}.Release|Any CPU.Build.0 = Release|Any CPU
		{94328C07-3E52-42B2-9F88-36CB6D2D7471}.Debug|Any CPU.ActiveCfg = Debug|Any CPU
		{94328C07-3E52-42B2-9F88-36CB6D2D7471}.Debug|Any CPU.Build.0 = Debug|Any CPU
		{94328C07-3E52-42B2-9F88-36CB6D2D7471}.Release|Any CPU.ActiveCfg = Release|Any CPU
		{94328C07-3E52-42B2-9F88-36CB6D2D7471}.Release|Any CPU.Build.0 = Release|Any CPU
		{EE43C608-FB37-4CFF-B8F4-8DD7D02668DE}.Debug|Any CPU.ActiveCfg = Debug|Any CPU
		{EE43C608-FB37-4CFF-B8F4-8DD7D02668DE}.Debug|Any CPU.Build.0 = Debug|Any CPU
		{EE43C608-FB37-4CFF-B8F4-8DD7D02668DE}.Release|Any CPU.ActiveCfg = Release|Any CPU
		{EE43C608-FB37-4CFF-B8F4-8DD7D02668DE}.Release|Any CPU.Build.0 = Release|Any CPU
		{556D8F1D-893B-492D-9A18-3B051ECC0037}.Debug|Any CPU.ActiveCfg = Debug|Any CPU
		{556D8F1D-893B-492D-9A18-3B051ECC0037}.Debug|Any CPU.Build.0 = Debug|Any CPU
		{556D8F1D-893B-492D-9A18-3B051ECC0037}.Release|Any CPU.ActiveCfg = Release|Any CPU
		{556D8F1D-893B-492D-9A18-3B051ECC0037}.Release|Any CPU.Build.0 = Release|Any CPU
		{A85EAB17-3A37-4C78-A61B-0148E5E21E88}.Debug|Any CPU.ActiveCfg = Debug|Any CPU
		{A85EAB17-3A37-4C78-A61B-0148E5E21E88}.Debug|Any CPU.Build.0 = Debug|Any CPU
		{A85EAB17-3A37-4C78-A61B-0148E5E21E88}.Release|Any CPU.ActiveCfg = Release|Any CPU
		{A85EAB17-3A37-4C78-A61B-0148E5E21E88}.Release|Any CPU.Build.0 = Release|Any CPU
		{EB5C2597-5F93-499D-B21D-2030602D19C6}.Debug|Any CPU.ActiveCfg = Debug|Any CPU
		{EB5C2597-5F93-499D-B21D-2030602D19C6}.Debug|Any CPU.Build.0 = Debug|Any CPU
		{EB5C2597-5F93-499D-B21D-2030602D19C6}.Release|Any CPU.ActiveCfg = Release|Any CPU
		{EB5C2597-5F93-499D-B21D-2030602D19C6}.Release|Any CPU.Build.0 = Release|Any CPU
		{03A6B617-72D2-4815-8A05-B4A79F845DE7}.Debug|Any CPU.ActiveCfg = Debug|Any CPU
		{03A6B617-72D2-4815-8A05-B4A79F845DE7}.Debug|Any CPU.Build.0 = Debug|Any CPU
		{03A6B617-72D2-4815-8A05-B4A79F845DE7}.Release|Any CPU.ActiveCfg = Release|Any CPU
		{03A6B617-72D2-4815-8A05-B4A79F845DE7}.Release|Any CPU.Build.0 = Release|Any CPU
		{6BC27DCD-5BAC-4236-80FC-FEDB5EAC18A5}.Debug|Any CPU.ActiveCfg = Debug|Any CPU
		{6BC27DCD-5BAC-4236-80FC-FEDB5EAC18A5}.Debug|Any CPU.Build.0 = Debug|Any CPU
		{6BC27DCD-5BAC-4236-80FC-FEDB5EAC18A5}.Release|Any CPU.ActiveCfg = Release|Any CPU
		{6BC27DCD-5BAC-4236-80FC-FEDB5EAC18A5}.Release|Any CPU.Build.0 = Release|Any CPU
		{88A2D308-7DDB-4DA9-BD4C-5681A4B6EAD8}.Debug|Any CPU.ActiveCfg = Debug|Any CPU
		{88A2D308-7DDB-4DA9-BD4C-5681A4B6EAD8}.Debug|Any CPU.Build.0 = Debug|Any CPU
		{88A2D308-7DDB-4DA9-BD4C-5681A4B6EAD8}.Release|Any CPU.ActiveCfg = Release|Any CPU
		{88A2D308-7DDB-4DA9-BD4C-5681A4B6EAD8}.Release|Any CPU.Build.0 = Release|Any CPU
		{36072536-2E8A-4F67-926D-8B6356C448F1}.Debug|Any CPU.ActiveCfg = Debug|Any CPU
		{36072536-2E8A-4F67-926D-8B6356C448F1}.Debug|Any CPU.Build.0 = Debug|Any CPU
		{36072536-2E8A-4F67-926D-8B6356C448F1}.Release|Any CPU.ActiveCfg = Release|Any CPU
		{36072536-2E8A-4F67-926D-8B6356C448F1}.Release|Any CPU.Build.0 = Release|Any CPU
		{9E9BD3DA-DE52-460E-BF53-EFCE2310FE72}.Debug|Any CPU.ActiveCfg = Debug|Any CPU
		{9E9BD3DA-DE52-460E-BF53-EFCE2310FE72}.Debug|Any CPU.Build.0 = Debug|Any CPU
		{9E9BD3DA-DE52-460E-BF53-EFCE2310FE72}.Release|Any CPU.ActiveCfg = Release|Any CPU
		{9E9BD3DA-DE52-460E-BF53-EFCE2310FE72}.Release|Any CPU.Build.0 = Release|Any CPU
		{343DEE32-251B-4E70-8D3F-A8E5E12C5434}.Debug|Any CPU.ActiveCfg = Debug|Any CPU
		{343DEE32-251B-4E70-8D3F-A8E5E12C5434}.Debug|Any CPU.Build.0 = Debug|Any CPU
		{343DEE32-251B-4E70-8D3F-A8E5E12C5434}.Release|Any CPU.ActiveCfg = Release|Any CPU
		{343DEE32-251B-4E70-8D3F-A8E5E12C5434}.Release|Any CPU.Build.0 = Release|Any CPU
		{F66C09CF-2792-4566-A213-FFAC2DBAFB71}.Debug|Any CPU.ActiveCfg = Debug|Any CPU
		{F66C09CF-2792-4566-A213-FFAC2DBAFB71}.Debug|Any CPU.Build.0 = Debug|Any CPU
		{F66C09CF-2792-4566-A213-FFAC2DBAFB71}.Release|Any CPU.ActiveCfg = Release|Any CPU
		{F66C09CF-2792-4566-A213-FFAC2DBAFB71}.Release|Any CPU.Build.0 = Release|Any CPU
	EndGlobalSection
	GlobalSection(SolutionProperties) = preSolution
		HideSolutionNode = FALSE
	EndGlobalSection
	GlobalSection(NestedProjects) = preSolution
		{3EAD46C5-A2B0-4C62-AAD9-B96A554BA8B8} = {8EF3A382-B2B6-473F-B2AE-B15010A9D69C}
		{255FFE5F-4B74-4CEB-A97E-5603B8485543} = {8EF3A382-B2B6-473F-B2AE-B15010A9D69C}
		{E9D078DA-2636-4656-8B7D-472D54881501} = {8EF3A382-B2B6-473F-B2AE-B15010A9D69C}
		{C35D3351-D89D-4C46-B62E-1E1B34194AA0} = {8EF3A382-B2B6-473F-B2AE-B15010A9D69C}
		{91EA20B0-3E5F-4E15-8D66-A76F3CA35317} = {8EF3A382-B2B6-473F-B2AE-B15010A9D69C}
		{EBEBBE07-E18F-41AF-A027-C118D9A8651F} = {E2427B9C-0BA3-4631-8CB1-5BBD4E56F9CB}
		{88422A5B-1A10-4D8E-AF6C-DE0B3603C472} = {E2427B9C-0BA3-4631-8CB1-5BBD4E56F9CB}
		{94328C07-3E52-42B2-9F88-36CB6D2D7471} = {E2427B9C-0BA3-4631-8CB1-5BBD4E56F9CB}
		{EE43C608-FB37-4CFF-B8F4-8DD7D02668DE} = {E2427B9C-0BA3-4631-8CB1-5BBD4E56F9CB}
		{556D8F1D-893B-492D-9A18-3B051ECC0037} = {E2427B9C-0BA3-4631-8CB1-5BBD4E56F9CB}
		{A85EAB17-3A37-4C78-A61B-0148E5E21E88} = {D345330C-B8F2-4AE0-BE4A-90C39A62028C}
		{EB5C2597-5F93-499D-B21D-2030602D19C6} = {D345330C-B8F2-4AE0-BE4A-90C39A62028C}
		{03A6B617-72D2-4815-8A05-B4A79F845DE7} = {D345330C-B8F2-4AE0-BE4A-90C39A62028C}
		{6BC27DCD-5BAC-4236-80FC-FEDB5EAC18A5} = {D345330C-B8F2-4AE0-BE4A-90C39A62028C}
		{88A2D308-7DDB-4DA9-BD4C-5681A4B6EAD8} = {79C236A9-BC3E-4592-8306-3CB5E6762008}
		{36072536-2E8A-4F67-926D-8B6356C448F1} = {79C236A9-BC3E-4592-8306-3CB5E6762008}
		{9E9BD3DA-DE52-460E-BF53-EFCE2310FE72} = {79C236A9-BC3E-4592-8306-3CB5E6762008}
		{343DEE32-251B-4E70-8D3F-A8E5E12C5434} = {79C236A9-BC3E-4592-8306-3CB5E6762008}
		{F66C09CF-2792-4566-A213-FFAC2DBAFB71} = {1BBE7507-4731-4D73-9BCB-B95A5F5B4E24}
	EndGlobalSection
	GlobalSection(ExtensibilityGlobals) = postSolution
		SolutionGuid = {889447DB-2ADE-4DDE-8AED-0AD98580C7A2}
	EndGlobalSection
EndGlobal
